
Microsoft Visual Studio Solution File, Format Version 12.00
# Visual Studio Version 16
VisualStudioVersion = 16.0.30804.86
MinimumVisualStudioVersion = 10.0.40219.1
Project("{9A19103F-16F7-4668-BE54-9A1E7A4F7556}") = "DataAccess", "DataAccess\DataAccess.csproj", "{1D95B8DC-64E6-4DD4-B896-F49383ACAC6A}"
EndProject
Project("{9A19103F-16F7-4668-BE54-9A1E7A4F7556}") = "Business", "Business\Business.csproj", "{70DD3CEF-E2EC-4D8A-9F63-F13887CF5871}"
EndProject
Project("{FAE04EC0-301F-11D3-BF4B-00C04F79EFBC}") = "enities", "enitites\enities.csproj", "{94E9BB89-25CF-424E-AE37-CD7E9F013BBE}"
EndProject
Project("{FAE04EC0-301F-11D3-BF4B-00C04F79EFBC}") = "ConsoleUI", "ConsoleUI\ConsoleUI.csproj", "{A5FF4232-1204-496D-80DF-D5D60240DD4A}"
EndProject
Global
	GlobalSection(SolutionConfigurationPlatforms) = preSolution
		Debug|Any CPU = Debug|Any CPU
		Release|Any CPU = Release|Any CPU
	EndGlobalSection
	GlobalSection(ProjectConfigurationPlatforms) = postSolution
		{1D95B8DC-64E6-4DD4-B896-F49383ACAC6A}.Debug|Any CPU.ActiveCfg = Debug|Any CPU
		{1D95B8DC-64E6-4DD4-B896-F49383ACAC6A}.Debug|Any CPU.Build.0 = Debug|Any CPU
		{1D95B8DC-64E6-4DD4-B896-F49383ACAC6A}.Release|Any CPU.ActiveCfg = Release|Any CPU
		{1D95B8DC-64E6-4DD4-B896-F49383ACAC6A}.Release|Any CPU.Build.0 = Release|Any CPU
		{70DD3CEF-E2EC-4D8A-9F63-F13887CF5871}.Debug|Any CPU.ActiveCfg = Debug|Any CPU
		{70DD3CEF-E2EC-4D8A-9F63-F13887CF5871}.Debug|Any CPU.Build.0 = Debug|Any CPU
		{70DD3CEF-E2EC-4D8A-9F63-F13887CF5871}.Release|Any CPU.ActiveCfg = Release|Any CPU
		{70DD3CEF-E2EC-4D8A-9F63-F13887CF5871}.Release|Any CPU.Build.0 = Release|Any CPU
		{94E9BB89-25CF-424E-AE37-CD7E9F013BBE}.Debug|Any CPU.ActiveCfg = Debug|Any CPU
		{94E9BB89-25CF-424E-AE37-CD7E9F013BBE}.Debug|Any CPU.Build.0 = Debug|Any CPU
		{94E9BB89-25CF-424E-AE37-CD7E9F013BBE}.Release|Any CPU.ActiveCfg = Release|Any CPU
		{94E9BB89-25CF-424E-AE37-CD7E9F013BBE}.Release|Any CPU.Build.0 = Release|Any CPU
		{A5FF4232-1204-496D-80DF-D5D60240DD4A}.Debug|Any CPU.ActiveCfg = Debug|Any CPU
		{A5FF4232-1204-496D-80DF-D5D60240DD4A}.Debug|Any CPU.Build.0 = Debug|Any CPU
		{A5FF4232-1204-496D-80DF-D5D60240DD4A}.Release|Any CPU.ActiveCfg = Release|Any CPU
		{A5FF4232-1204-496D-80DF-D5D60240DD4A}.Release|Any CPU.Build.0 = Release|Any CPU
	EndGlobalSection
	GlobalSection(SolutionProperties) = preSolution
		HideSolutionNode = FALSE
	EndGlobalSection
	GlobalSection(ExtensibilityGlobals) = postSolution
		SolutionGuid = {DF02A411-39F0-4447-839B-00FDCBC044CE}
	EndGlobalSection
EndGlobal
